// !$*UTF8*$!
{
	archiveVersion = 1;
	classes = {
	};
	objectVersion = 46;
	objects = {

/* Begin PBXBuildFile section */
		BF8ED9291D65266600D79FCF /* AppDelegate.swift in Sources */ = {isa = PBXBuildFile; fileRef = BF8ED9281D65266600D79FCF /* AppDelegate.swift */; };
		BF8ED92B1D65266600D79FCF /* ViewController.swift in Sources */ = {isa = PBXBuildFile; fileRef = BF8ED92A1D65266600D79FCF /* ViewController.swift */; };
		BF8ED92E1D65266600D79FCF /* Main.storyboard in Resources */ = {isa = PBXBuildFile; fileRef = BF8ED92C1D65266600D79FCF /* Main.storyboard */; };
		BF8ED9301D65266600D79FCF /* Assets.xcassets in Resources */ = {isa = PBXBuildFile; fileRef = BF8ED92F1D65266600D79FCF /* Assets.xcassets */; };
		BF8ED9331D65266600D79FCF /* LaunchScreen.storyboard in Resources */ = {isa = PBXBuildFile; fileRef = BF8ED9311D65266600D79FCF /* LaunchScreen.storyboard */; };
		BF8ED93B1D65267700D79FCF /* Car.swift in Sources */ = {isa = PBXBuildFile; fileRef = BF8ED93A1D65267700D79FCF /* Car.swift */; };
/* End PBXBuildFile section */

/* Begin PBXFileReference section */
		BF8ED9251D65266600D79FCF /* Gitandgithubpractice.app */ = {isa = PBXFileReference; explicitFileType = wrapper.application; includeInIndex = 0; path = Gitandgithubpractice.app; sourceTree = BUILT_PRODUCTS_DIR; };
		BF8ED9281D65266600D79FCF /* AppDelegate.swift */ = {isa = PBXFileReference; lastKnownFileType = sourcecode.swift; path = AppDelegate.swift; sourceTree = "<group>"; };
		BF8ED92A1D65266600D79FCF /* ViewController.swift */ = {isa = PBXFileReference; lastKnownFileType = sourcecode.swift; path = ViewController.swift; sourceTree = "<group>"; };
		BF8ED92D1D65266600D79FCF /* Base */ = {isa = PBXFileReference; lastKnownFileType = file.storyboard; name = Base; path = Base.lproj/Main.storyboard; sourceTree = "<group>"; };
		BF8ED92F1D65266600D79FCF /* Assets.xcassets */ = {isa = PBXFileReference; lastKnownFileType = folder.assetcatalog; path = Assets.xcassets; sourceTree = "<group>"; };
		BF8ED9321D65266600D79FCF /* Base */ = {isa = PBXFileReference; lastKnownFileType = file.storyboard; name = Base; path = Base.lproj/LaunchScreen.storyboard; sourceTree = "<group>"; };
		BF8ED9341D65266600D79FCF /* Info.plist */ = {isa = PBXFileReference; lastKnownFileType = text.plist.xml; path = Info.plist; sourceTree = "<group>"; };
		BF8ED93A1D65267700D79FCF /* Car.swift */ = {isa = PBXFileReference; fileEncoding = 4; lastKnownFileType = sourcecode.swift; path = Car.swift; sourceTree = "<group>"; };
/* End PBXFileReference section */

/* Begin PBXFrameworksBuildPhase section */
		BF8ED9221D65266600D79FCF /* Frameworks */ = {
			isa = PBXFrameworksBuildPhase;
			buildActionMask = 2147483647;
			files = (
			);
			runOnlyForDeploymentPostprocessing = 0;
		};
/* End PBXFrameworksBuildPhase section */

/* Begin PBXGroup section */
		BF8ED91C1D65266600D79FCF = {
			isa = PBXGroup;
			children = (
				BF8ED93A1D65267700D79FCF /* Car.swift */,
				BF8ED9271D65266600D79FCF /* Gitandgithubpractice */,
				BF8ED9261D65266600D79FCF /* Products */,
			);
			sourceTree = "<group>";
		};
		BF8ED9261D65266600D79FCF /* Products */ = {
			isa = PBXGroup;
			children = (
				BF8ED9251D65266600D79FCF /* Gitandgithubpractice.app */,
			);
			name = Products;
			sourceTree = "<group>";
		};
		BF8ED9271D65266600D79FCF /* Gitandgithubpractice */ = {
			isa = PBXGroup;
			children = (
				BF8ED9281D65266600D79FCF /* AppDelegate.swift */,
				BF8ED92A1D65266600D79FCF /* ViewController.swift */,
				BF8ED92C1D65266600D79FCF /* Main.storyboard */,
				BF8ED92F1D65266600D79FCF /* Assets.xcassets */,
				BF8ED9311D65266600D79FCF /* LaunchScreen.storyboard */,
				BF8ED9341D65266600D79FCF /* Info.plist */,
			);
			path = Gitandgithubpractice;
			sourceTree = "<group>";
		};
/* End PBXGroup section */

/* Begin PBXNativeTarget section */
		BF8ED9241D65266600D79FCF /* Gitandgithubpractice */ = {
			isa = PBXNativeTarget;
			buildConfigurationList = BF8ED9371D65266600D79FCF /* Build configuration list for PBXNativeTarget "Gitandgithubpractice" */;
			buildPhases = (
				BF8ED9211D65266600D79FCF /* Sources */,
				BF8ED9221D65266600D79FCF /* Frameworks */,
				BF8ED9231D65266600D79FCF /* Resources */,
			);
			buildRules = (
			);
			dependencies = (
			);
			name = Gitandgithubpractice;
			productName = Gitandgithubpractice;
			productReference = BF8ED9251D65266600D79FCF /* Gitandgithubpractice.app */;
			productType = "com.apple.product-type.application";
		};
/* End PBXNativeTarget section */

/* Begin PBXProject section */
		BF8ED91D1D65266600D79FCF /* Project object */ = {
			isa = PBXProject;
			attributes = {
				LastSwiftUpdateCheck = 0800;
				LastUpgradeCheck = 0800;
				ORGANIZATIONNAME = "Olamide Olatunji";
				TargetAttributes = {
					BF8ED9241D65266600D79FCF = {
						CreatedOnToolsVersion = 8.0;
						DevelopmentTeam = FBDY44749F;
						ProvisioningStyle = Automatic;
					};
				};
			};
			buildConfigurationList = BF8ED9201D65266600D79FCF /* Build configuration list for PBXProject "Gitandgithubpractice" */;
			compatibilityVersion = "Xcode 3.2";
			developmentRegion = English;
			hasScannedForEncodings = 0;
			knownRegions = (
				en,
				Base,
			);
			mainGroup = BF8ED91C1D65266600D79FCF;
			productRefGroup = BF8ED9261D65266600D79FCF /* Products */;
			projectDirPath = "";
			projectRoot = "";
			targets = (
				BF8ED9241D65266600D79FCF /* Gitandgithubpractice */,
			);
		};
/* End PBXProject section */

/* Begin PBXResourcesBuildPhase section */
		BF8ED9231D65266600D79FCF /* Resources */ = {
			isa = PBXResourcesBuildPhase;
			buildActionMask = 2147483647;
			files = (
				BF8ED9331D65266600D79FCF /* LaunchScreen.storyboard in Resources */,
				BF8ED9301D65266600D79FCF /* Assets.xcassets in Resources */,
				BF8ED92E1D65266600D79FCF /* Main.storyboard in Resources */,
			);
			runOnlyForDeploymentPostprocessing = 0;
		};
/* End PBXResourcesBuildPhase section */

/* Begin PBXSourcesBuildPhase section */
		BF8ED9211D65266600D79FCF /* Sources */ = {
			isa = PBXSourcesBuildPhase;
			buildActionMask = 2147483647;
			files = (
				BF8ED92B1D65266600D79FCF /* ViewController.swift in Sources */,
				BF8ED9291D65266600D79FCF /* AppDelegate.swift in Sources */,
				BF8ED93B1D65267700D79FCF /* Car.swift in Sources */,
			);
			runOnlyForDeploymentPostprocessing = 0;
		};
/* End PBXSourcesBuildPhase section */

/* Begin PBXVariantGroup section */
		BF8ED92C1D65266600D79FCF /* Main.storyboard */ = {
			isa = PBXVariantGroup;
			children = (
				BF8ED92D1D65266600D79FCF /* Base */,
			);
			name = Main.storyboard;
			sourceTree = "<group>";
		};
		BF8ED9311D65266600D79FCF /* LaunchScreen.storyboard */ = {
			isa = PBXVariantGroup;
			children = (
				BF8ED9321D65266600D79FCF /* Base */,
			);
			name = LaunchScreen.storyboard;
			sourceTree = "<group>";
		};
/* End PBXVariantGroup section */

/* Begin XCBuildConfiguration section */
		BF8ED9351D65266600D79FCF /* Debug */ = {
			isa = XCBuildConfiguration;
			buildSettings = {
				ALWAYS_SEARCH_USER_PATHS = NO;
				CLANG_ANALYZER_NONNULL = YES;
				CLANG_CXX_LANGUAGE_STANDARD = "gnu++0x";
				CLANG_CXX_LIBRARY = "libc++";
				CLANG_ENABLE_MODULES = YES;
				CLANG_ENABLE_OBJC_ARC = YES;
				CLANG_WARN_BOOL_CONVERSION = YES;
				CLANG_WARN_CONSTANT_CONVERSION = YES;
				CLANG_WARN_DIRECT_OBJC_ISA_USAGE = YES_ERROR;
				CLANG_WARN_DOCUMENTATION_COMMENTS = YES;
				CLANG_WARN_EMPTY_BODY = YES;
				CLANG_WARN_ENUM_CONVERSION = YES;
				CLANG_WARN_INFINITE_RECURSION = YES;
				CLANG_WARN_INT_CONVERSION = YES;
				CLANG_WARN_OBJC_ROOT_CLASS = YES_ERROR;
				CLANG_WARN_SUSPICIOUS_MOVES = YES;
				CLANG_WARN_UNREACHABLE_CODE = YES;
				CLANG_WARN__DUPLICATE_METHOD_MATCH = YES;
				"CODE_SIGN_IDENTITY[sdk=iphoneos*]" = "iPhone Developer";
				COPY_PHASE_STRIP = NO;
				DEBUG_INFORMATION_FORMAT = dwarf;
				ENABLE_STRICT_OBJC_MSGSEND = YES;
				ENABLE_TESTABILITY = YES;
				GCC_C_LANGUAGE_STANDARD = gnu99;
				GCC_DYNAMIC_NO_PIC = NO;
				GCC_NO_COMMON_BLOCKS = YES;
				GCC_OPTIMIZATION_LEVEL = 0;
				GCC_PREPROCESSOR_DEFINITIONS = (
					"DEBUG=1",
					"$(inherited)",
				);
				GCC_WARN_64_TO_32_BIT_CONVERSION = YES;
				GCC_WARN_ABOUT_RETURN_TYPE = YES_ERROR;
				GCC_WARN_UNDECLARED_SELECTOR = YES;
				GCC_WARN_UNINITIALIZED_AUTOS = YES_AGGRESSIVE;
				GCC_WARN_UNUSED_FUNCTION = YES;
				GCC_WARN_UNUSED_VARIABLE = YES;
				IPHONEOS_DEPLOYMENT_TARGET = 10.0;
				MTL_ENABLE_DEBUG_INFO = YES;
				ONLY_ACTIVE_ARCH = YES;
				SDKROOT = iphoneos;
				SWIFT_ACTIVE_COMPILATION_CONDITIONS = DEBUG;
				SWIFT_OPTIMIZATION_LEVEL = "-Onone";
				TARGETED_DEVICE_FAMILY = "1,2";
			};
			name = Debug;
		};
		BF8ED9361D65266600D79FCF /* Release */ = {
			isa = XCBuildConfiguration;
			buildSettings = {
				ALWAYS_SEARCH_USER_PATHS = NO;
				CLANG_ANALYZER_NONNULL = YES;
				CLANG_CXX_LANGUAGE_STANDARD = "gnu++0x";
				CLANG_CXX_LIBRARY = "libc++";
				CLANG_ENABLE_MODULES = YES;
				CLANG_ENABLE_OBJC_ARC = YES;
				CLANG_WARN_BOOL_CONVERSION = YES;
				CLANG_WARN_CONSTANT_CONVERSION = YES;
				CLANG_WARN_DIRECT_OBJC_ISA_USAGE = YES_ERROR;
				CLANG_WARN_DOCUMENTATION_COMMENTS = YES;
				CLANG_WARN_EMPTY_BODY = YES;
				CLANG_WARN_ENUM_CONVERSION = YES;
				CLANG_WARN_INFINITE_RECURSION = YES;
				CLANG_WARN_INT_CONVERSION = YES;
				CLANG_WARN_OBJC_ROOT_CLASS = YES_ERROR;
				CLANG_WARN_SUSPICIOUS_MOVES = YES;
				CLANG_WARN_UNREACHABLE_CODE = YES;
				CLANG_WARN__DUPLICATE_METHOD_MATCH = YES;
				"CODE_SIGN_IDENTITY[sdk=iphoneos*]" = "iPhone Developer";
				COPY_PHASE_STRIP = NO;
				DEBUG_INFORMATION_FORMAT = "dwarf-with-dsym";
				ENABLE_NS_ASSERTIONS = NO;
				ENABLE_STRICT_OBJC_MSGSEND = YES;
				GCC_C_LANGUAGE_STANDARD = gnu99;
				GCC_NO_COMMON_BLOCKS = YES;
				GCC_WARN_64_TO_32_BIT_CONVERSION = YES;
				GCC_WARN_ABOUT_RETURN_TYPE = YES_ERROR;
				GCC_WARN_UNDECLARED_SELECTOR = YES;
				GCC_WARN_UNINITIALIZED_AUTOS = YES_AGGRESSIVE;
				GCC_WARN_UNUSED_FUNCTION = YES;
				GCC_WARN_UNUSED_VARIABLE = YES;
				IPHONEOS_DEPLOYMENT_TARGET = 10.0;
				MTL_ENABLE_DEBUG_INFO = NO;
				SDKROOT = iphoneos;
				SWIFT_OPTIMIZATION_LEVEL = "-Owholemodule";
				TARGETED_DEVICE_FAMILY = "1,2";
				VALIDATE_PRODUCT = YES;
			};
			name = Release;
		};
		BF8ED9381D65266600D79FCF /* Debug */ = {
			isa = XCBuildConfiguration;
			buildSettings = {
				ASSETCATALOG_COMPILER_APPICON_NAME = AppIcon;
				DEVELOPMENT_TEAM = FBDY44749F;
				INFOPLIST_FILE = Gitandgithubpractice/Info.plist;
				LD_RUNPATH_SEARCH_PATHS = "$(inherited) @executable_path/Frameworks";
				PRODUCT_BUNDLE_IDENTIFIER = GA.Gitandgithubpractice;
				PRODUCT_NAME = "$(TARGET_NAME)";
				SWIFT_VERSION = 3.0;
			};
			name = Debug;
		};
		BF8ED9391D65266600D79FCF /* Release */ = {
			isa = XCBuildConfiguration;
			buildSettings = {
				ASSETCATALOG_COMPILER_APPICON_NAME = AppIcon;
				DEVELOPMENT_TEAM = FBDY44749F;
				INFOPLIST_FILE = Gitandgithubpractice/Info.plist;
				LD_RUNPATH_SEARCH_PATHS = "$(inherited) @executable_path/Frameworks";
				PRODUCT_BUNDLE_IDENTIFIER = GA.Gitandgithubpractice;
				PRODUCT_NAME = "$(TARGET_NAME)";
				SWIFT_VERSION = 3.0;
			};
			name = Release;
		};
/* End XCBuildConfiguration section */

/* Begin XCConfigurationList section */
		BF8ED9201D65266600D79FCF /* Build configuration list for PBXProject "Gitandgithubpractice" */ = {
			isa = XCConfigurationList;
			buildConfigurations = (
				BF8ED9351D65266600D79FCF /* Debug */,
				BF8ED9361D65266600D79FCF /* Release */,
			);
			defaultConfigurationIsVisible = 0;
			defaultConfigurationName = Release;
		};
		BF8ED9371D65266600D79FCF /* Build configuration list for PBXNativeTarget "Gitandgithubpractice" */ = {
			isa = XCConfigurationList;
			buildConfigurations = (
				BF8ED9381D65266600D79FCF /* Debug */,
				BF8ED9391D65266600D79FCF /* Release */,
			);
			defaultConfigurationIsVisible = 0;
		};
/* End XCConfigurationList section */
	};
	rootObject = BF8ED91D1D65266600D79FCF /* Project object */;
}
